{
  "name": "caspr-monorepo",
  "version": "1.0.0",
  "lockfileVersion": 1,
  "requires": true,
  "dependencies": {
    "confusing-browser-globals": {
      "version": "1.0.7",
      "resolved": "https://registry.npmjs.org/confusing-browser-globals/-/confusing-browser-globals-1.0.7.tgz",
      "integrity": "sha512-cgHI1azax5ATrZ8rJ+ODDML9Fvu67PimB6aNxBrc/QwSaDaM9eTfIEUHx3bBLJJ82ioSb+/5zfsMCCEJax3ByQ=="
    },
    "eslint-config-react-app": {
      "version": "4.0.1",
      "resolved": "https://registry.npmjs.org/eslint-config-react-app/-/eslint-config-react-app-4.0.1.tgz",
      "integrity": "sha512-ZsaoXUIGsK8FCi/x4lT2bZR5mMkL/Kgj+Lnw690rbvvUr/uiwgFiD8FcfAhkCycm7Xte6O5lYz4EqMx2vX7jgw==",
      "requires": {
        "confusing-browser-globals": "^1.0.7"
      }
    }
  }
}
